// !$*UTF8*$!
{
	archiveVersion = 1;
	classes = {
	};
	objectVersion = 51;
	objects = {

/* Begin PBXBuildFile section */
		0088B2F423A5BE2000386DD5 /* PostModel.swift in Sources */ = {isa = PBXBuildFile; fileRef = 0088B2F323A5BE2000386DD5 /* PostModel.swift */; };
		0088B2F623A5C34400386DD5 /* APIService.swift in Sources */ = {isa = PBXBuildFile; fileRef = 0088B2F523A5C34400386DD5 /* APIService.swift */; };
		0088B2F823A650FC00386DD5 /* Podfile in Resources */ = {isa = PBXBuildFile; fileRef = 0088B2F723A650FB00386DD5 /* Podfile */; };
		0088B2FA23A67D3500386DD5 /* ErrorProtocol.swift in Sources */ = {isa = PBXBuildFile; fileRef = 0088B2F923A67D3500386DD5 /* ErrorProtocol.swift */; };
		0088B30023A68B7100386DD5 /* LocalStorage.swift in Sources */ = {isa = PBXBuildFile; fileRef = 0088B2FF23A68B7100386DD5 /* LocalStorage.swift */; };
		0088B30223A69E5800386DD5 /* ConnectivityProtocol.swift in Sources */ = {isa = PBXBuildFile; fileRef = 0088B30123A69E5800386DD5 /* ConnectivityProtocol.swift */; };
		00A75F2F23A5A53A000A3173 /* HomeViewModel.swift in Sources */ = {isa = PBXBuildFile; fileRef = 00A75F2E23A5A53A000A3173 /* HomeViewModel.swift */; };
		00BDFCD423A57FDA00548E35 /* AppDelegate.swift in Sources */ = {isa = PBXBuildFile; fileRef = 00BDFCD323A57FDA00548E35 /* AppDelegate.swift */; };
		00BDFCD923A57FDA00548E35 /* ios_blog_sample.xcdatamodeld in Sources */ = {isa = PBXBuildFile; fileRef = 00BDFCD723A57FDA00548E35 /* ios_blog_sample.xcdatamodeld */; };
		00BDFCDD23A57FDE00548E35 /* Assets.xcassets in Resources */ = {isa = PBXBuildFile; fileRef = 00BDFCDC23A57FDE00548E35 /* Assets.xcassets */; };
		00BDFCE023A57FDE00548E35 /* Preview Assets.xcassets in Resources */ = {isa = PBXBuildFile; fileRef = 00BDFCDF23A57FDE00548E35 /* Preview Assets.xcassets */; };
		00BDFCE323A57FDE00548E35 /* LaunchScreen.storyboard in Resources */ = {isa = PBXBuildFile; fileRef = 00BDFCE123A57FDE00548E35 /* LaunchScreen.storyboard */; };
		00BDFCEE23A57FDE00548E35 /* ios_blog_sampleTests.swift in Sources */ = {isa = PBXBuildFile; fileRef = 00BDFCED23A57FDE00548E35 /* ios_blog_sampleTests.swift */; };
		00BDFCF923A57FDE00548E35 /* ios_blog_sampleUITests.swift in Sources */ = {isa = PBXBuildFile; fileRef = 00BDFCF823A57FDE00548E35 /* ios_blog_sampleUITests.swift */; };
		00BDFD0723A5804200548E35 /* main.storyboard in Resources */ = {isa = PBXBuildFile; fileRef = 00BDFD0623A5804200548E35 /* main.storyboard */; };
		00BDFD0B23A58B6400548E35 /* HomeViewController.swift in Sources */ = {isa = PBXBuildFile; fileRef = 00BDFD0A23A58B6400548E35 /* HomeViewController.swift */; };
		00BDFD1123A58F0900548E35 /* HomeTableViewSource.swift in Sources */ = {isa = PBXBuildFile; fileRef = 00BDFD1023A58F0900548E35 /* HomeTableViewSource.swift */; };
		2362646E24B999D05F317150 /* Pods_ios_blog_sample.framework in Frameworks */ = {isa = PBXBuildFile; fileRef = 83AAE729D6D92AFE20CDEE96 /* Pods_ios_blog_sample.framework */; };
/* End PBXBuildFile section */

/* Begin PBXContainerItemProxy section */
		00BDFCEA23A57FDE00548E35 /* PBXContainerItemProxy */ = {
			isa = PBXContainerItemProxy;
			containerPortal = 00BDFCC823A57FDA00548E35 /* Project object */;
			proxyType = 1;
			remoteGlobalIDString = 00BDFCCF23A57FDA00548E35;
			remoteInfo = "ios-blog-sample";
		};
		00BDFCF523A57FDE00548E35 /* PBXContainerItemProxy */ = {
			isa = PBXContainerItemProxy;
			containerPortal = 00BDFCC823A57FDA00548E35 /* Project object */;
			proxyType = 1;
			remoteGlobalIDString = 00BDFCCF23A57FDA00548E35;
			remoteInfo = "ios-blog-sample";
		};
/* End PBXContainerItemProxy section */

/* Begin PBXFileReference section */
		0088B2F323A5BE2000386DD5 /* PostModel.swift */ = {isa = PBXFileReference; lastKnownFileType = sourcecode.swift; path = PostModel.swift; sourceTree = "<group>"; };
		0088B2F523A5C34400386DD5 /* APIService.swift */ = {isa = PBXFileReference; lastKnownFileType = sourcecode.swift; path = APIService.swift; sourceTree = "<group>"; };
		0088B2F723A650FB00386DD5 /* Podfile */ = {isa = PBXFileReference; fileEncoding = 4; lastKnownFileType = text; path = Podfile; sourceTree = "<group>"; };
		0088B2F923A67D3500386DD5 /* ErrorProtocol.swift */ = {isa = PBXFileReference; lastKnownFileType = sourcecode.swift; path = ErrorProtocol.swift; sourceTree = "<group>"; };
		0088B2FF23A68B7100386DD5 /* LocalStorage.swift */ = {isa = PBXFileReference; lastKnownFileType = sourcecode.swift; path = LocalStorage.swift; sourceTree = "<group>"; };
		0088B30123A69E5800386DD5 /* ConnectivityProtocol.swift */ = {isa = PBXFileReference; lastKnownFileType = sourcecode.swift; path = ConnectivityProtocol.swift; sourceTree = "<group>"; };
		00A75F2E23A5A53A000A3173 /* HomeViewModel.swift */ = {isa = PBXFileReference; lastKnownFileType = sourcecode.swift; path = HomeViewModel.swift; sourceTree = "<group>"; };
		00BDFCD023A57FDA00548E35 /* ios-blog-sample.app */ = {isa = PBXFileReference; explicitFileType = wrapper.application; includeInIndex = 0; path = "ios-blog-sample.app"; sourceTree = BUILT_PRODUCTS_DIR; };
		00BDFCD323A57FDA00548E35 /* AppDelegate.swift */ = {isa = PBXFileReference; lastKnownFileType = sourcecode.swift; path = AppDelegate.swift; sourceTree = "<group>"; };
		00BDFCD823A57FDA00548E35 /* ios_blog_sample.xcdatamodel */ = {isa = PBXFileReference; lastKnownFileType = wrapper.xcdatamodel; path = ios_blog_sample.xcdatamodel; sourceTree = "<group>"; };
		00BDFCDC23A57FDE00548E35 /* Assets.xcassets */ = {isa = PBXFileReference; lastKnownFileType = folder.assetcatalog; path = Assets.xcassets; sourceTree = "<group>"; };
		00BDFCDF23A57FDE00548E35 /* Preview Assets.xcassets */ = {isa = PBXFileReference; lastKnownFileType = folder.assetcatalog; path = "Preview Assets.xcassets"; sourceTree = "<group>"; };
		00BDFCE223A57FDE00548E35 /* Base */ = {isa = PBXFileReference; lastKnownFileType = file.storyboard; name = Base; path = Base.lproj/LaunchScreen.storyboard; sourceTree = "<group>"; };
		00BDFCE423A57FDE00548E35 /* Info.plist */ = {isa = PBXFileReference; lastKnownFileType = text.plist.xml; path = Info.plist; sourceTree = "<group>"; };
		00BDFCE923A57FDE00548E35 /* ios-blog-sampleTests.xctest */ = {isa = PBXFileReference; explicitFileType = wrapper.cfbundle; includeInIndex = 0; path = "ios-blog-sampleTests.xctest"; sourceTree = BUILT_PRODUCTS_DIR; };
		00BDFCED23A57FDE00548E35 /* ios_blog_sampleTests.swift */ = {isa = PBXFileReference; lastKnownFileType = sourcecode.swift; path = ios_blog_sampleTests.swift; sourceTree = "<group>"; };
		00BDFCEF23A57FDE00548E35 /* Info.plist */ = {isa = PBXFileReference; lastKnownFileType = text.plist.xml; path = Info.plist; sourceTree = "<group>"; };
		00BDFCF423A57FDE00548E35 /* ios-blog-sampleUITests.xctest */ = {isa = PBXFileReference; explicitFileType = wrapper.cfbundle; includeInIndex = 0; path = "ios-blog-sampleUITests.xctest"; sourceTree = BUILT_PRODUCTS_DIR; };
		00BDFCF823A57FDE00548E35 /* ios_blog_sampleUITests.swift */ = {isa = PBXFileReference; lastKnownFileType = sourcecode.swift; path = ios_blog_sampleUITests.swift; sourceTree = "<group>"; };
		00BDFCFA23A57FDE00548E35 /* Info.plist */ = {isa = PBXFileReference; lastKnownFileType = text.plist.xml; path = Info.plist; sourceTree = "<group>"; };
		00BDFD0623A5804200548E35 /* main.storyboard */ = {isa = PBXFileReference; lastKnownFileType = file.storyboard; path = main.storyboard; sourceTree = "<group>"; };
		00BDFD0A23A58B6400548E35 /* HomeViewController.swift */ = {isa = PBXFileReference; lastKnownFileType = sourcecode.swift; path = HomeViewController.swift; sourceTree = "<group>"; };
		00BDFD1023A58F0900548E35 /* HomeTableViewSource.swift */ = {isa = PBXFileReference; fileEncoding = 4; lastKnownFileType = sourcecode.swift; path = HomeTableViewSource.swift; sourceTree = "<group>"; };
		22C5E281F3D0B7B7EA160A28 /* Pods-ios-blog-sample.release.xcconfig */ = {isa = PBXFileReference; includeInIndex = 1; lastKnownFileType = text.xcconfig; name = "Pods-ios-blog-sample.release.xcconfig"; path = "Target Support Files/Pods-ios-blog-sample/Pods-ios-blog-sample.release.xcconfig"; sourceTree = "<group>"; };
		57AE58A5752F8F7BB610151D /* Pods-ios-blog-sample.debug.xcconfig */ = {isa = PBXFileReference; includeInIndex = 1; lastKnownFileType = text.xcconfig; name = "Pods-ios-blog-sample.debug.xcconfig"; path = "Target Support Files/Pods-ios-blog-sample/Pods-ios-blog-sample.debug.xcconfig"; sourceTree = "<group>"; };
		83AAE729D6D92AFE20CDEE96 /* Pods_ios_blog_sample.framework */ = {isa = PBXFileReference; explicitFileType = wrapper.framework; includeInIndex = 0; path = Pods_ios_blog_sample.framework; sourceTree = BUILT_PRODUCTS_DIR; };
/* End PBXFileReference section */

/* Begin PBXFrameworksBuildPhase section */
		00BDFCCD23A57FDA00548E35 /* Frameworks */ = {
			isa = PBXFrameworksBuildPhase;
			buildActionMask = 2147483647;
			files = (
				2362646E24B999D05F317150 /* Pods_ios_blog_sample.framework in Frameworks */,
			);
			runOnlyForDeploymentPostprocessing = 0;
		};
		00BDFCE623A57FDE00548E35 /* Frameworks */ = {
			isa = PBXFrameworksBuildPhase;
			buildActionMask = 2147483647;
			files = (
			);
			runOnlyForDeploymentPostprocessing = 0;
		};
		00BDFCF123A57FDE00548E35 /* Frameworks */ = {
			isa = PBXFrameworksBuildPhase;
			buildActionMask = 2147483647;
			files = (
			);
			runOnlyForDeploymentPostprocessing = 0;
		};
/* End PBXFrameworksBuildPhase section */

/* Begin PBXGroup section */
		0088B2FB23A6858C00386DD5 /* Home */ = {
			isa = PBXGroup;
			children = (
				00BDFD0A23A58B6400548E35 /* HomeViewController.swift */,
				00BDFD1023A58F0900548E35 /* HomeTableViewSource.swift */,
				00A75F2E23A5A53A000A3173 /* HomeViewModel.swift */,
			);
			path = Home;
			sourceTree = "<group>";
		};
		0088B2FC23A6863D00386DD5 /* Repositories */ = {
			isa = PBXGroup;
			children = (
				0088B2F523A5C34400386DD5 /* APIService.swift */,
				0088B2FF23A68B7100386DD5 /* LocalStorage.swift */,
			);
			path = Repositories;
			sourceTree = "<group>";
		};
		0088B2FD23A6868C00386DD5 /* Models */ = {
			isa = PBXGroup;
			children = (
				0088B2F323A5BE2000386DD5 /* PostModel.swift */,
			);
			path = Models;
			sourceTree = "<group>";
		};
		0088B2FE23A686B600386DD5 /* Helpers */ = {
			isa = PBXGroup;
			children = (
				0088B2F923A67D3500386DD5 /* ErrorProtocol.swift */,
				0088B30123A69E5800386DD5 /* ConnectivityProtocol.swift */,
			);
			path = Helpers;
			sourceTree = "<group>";
		};
		00BDFCC723A57FDA00548E35 = {
			isa = PBXGroup;
			children = (
				0088B2F723A650FB00386DD5 /* Podfile */,
				00BDFCD223A57FDA00548E35 /* ios-blog-sample */,
				00BDFCEC23A57FDE00548E35 /* ios-blog-sampleTests */,
				00BDFCF723A57FDE00548E35 /* ios-blog-sampleUITests */,
				00BDFCD123A57FDA00548E35 /* Products */,
				0C71BCBEBB0169D6D6EC7E73 /* Pods */,
				0C0E2DC439C7A8DF241F65D1 /* Frameworks */,
			);
			sourceTree = "<group>";
		};
		00BDFCD123A57FDA00548E35 /* Products */ = {
			isa = PBXGroup;
			children = (
				00BDFCD023A57FDA00548E35 /* ios-blog-sample.app */,
				00BDFCE923A57FDE00548E35 /* ios-blog-sampleTests.xctest */,
				00BDFCF423A57FDE00548E35 /* ios-blog-sampleUITests.xctest */,
			);
			name = Products;
			sourceTree = "<group>";
		};
		00BDFCD223A57FDA00548E35 /* ios-blog-sample */ = {
			isa = PBXGroup;
			children = (
				0088B2FE23A686B600386DD5 /* Helpers */,
				0088B2FD23A6868C00386DD5 /* Models */,
				0088B2FC23A6863D00386DD5 /* Repositories */,
				0088B2FB23A6858C00386DD5 /* Home */,
				00BDFCD323A57FDA00548E35 /* AppDelegate.swift */,
				00BDFCDE23A57FDE00548E35 /* Preview Content */,
				00BDFCDC23A57FDE00548E35 /* Assets.xcassets */,
				00BDFCE123A57FDE00548E35 /* LaunchScreen.storyboard */,
				00BDFD0623A5804200548E35 /* main.storyboard */,
				00BDFCE423A57FDE00548E35 /* Info.plist */,
				00BDFCD723A57FDA00548E35 /* ios_blog_sample.xcdatamodeld */,
			);
			path = "ios-blog-sample";
			sourceTree = "<group>";
		};
		00BDFCDE23A57FDE00548E35 /* Preview Content */ = {
			isa = PBXGroup;
			children = (
				00BDFCDF23A57FDE00548E35 /* Preview Assets.xcassets */,
			);
			path = "Preview Content";
			sourceTree = "<group>";
		};
		00BDFCEC23A57FDE00548E35 /* ios-blog-sampleTests */ = {
			isa = PBXGroup;
			children = (
				00BDFCED23A57FDE00548E35 /* ios_blog_sampleTests.swift */,
				00BDFCEF23A57FDE00548E35 /* Info.plist */,
			);
			path = "ios-blog-sampleTests";
			sourceTree = "<group>";
		};
		00BDFCF723A57FDE00548E35 /* ios-blog-sampleUITests */ = {
			isa = PBXGroup;
			children = (
				00BDFCF823A57FDE00548E35 /* ios_blog_sampleUITests.swift */,
				00BDFCFA23A57FDE00548E35 /* Info.plist */,
			);
			path = "ios-blog-sampleUITests";
			sourceTree = "<group>";
		};
		0C0E2DC439C7A8DF241F65D1 /* Frameworks */ = {
			isa = PBXGroup;
			children = (
				83AAE729D6D92AFE20CDEE96 /* Pods_ios_blog_sample.framework */,
			);
			name = Frameworks;
			sourceTree = "<group>";
		};
		0C71BCBEBB0169D6D6EC7E73 /* Pods */ = {
			isa = PBXGroup;
			children = (
				57AE58A5752F8F7BB610151D /* Pods-ios-blog-sample.debug.xcconfig */,
				22C5E281F3D0B7B7EA160A28 /* Pods-ios-blog-sample.release.xcconfig */,
			);
			path = Pods;
			sourceTree = "<group>";
		};
/* End PBXGroup section */

/* Begin PBXNativeTarget section */
		00BDFCCF23A57FDA00548E35 /* ios-blog-sample */ = {
			isa = PBXNativeTarget;
			buildConfigurationList = 00BDFCFD23A57FDE00548E35 /* Build configuration list for PBXNativeTarget "ios-blog-sample" */;
			buildPhases = (
				D235068CD4930F38B1E5967E /* [CP] Check Pods Manifest.lock */,
				00BDFCCC23A57FDA00548E35 /* Sources */,
				00BDFCCD23A57FDA00548E35 /* Frameworks */,
				00BDFCCE23A57FDA00548E35 /* Resources */,
				CD889052B4ACA5B33AE458F2 /* [CP] Embed Pods Frameworks */,
			);
			buildRules = (
			);
			dependencies = (
			);
			name = "ios-blog-sample";
			productName = "ios-blog-sample";
			productReference = 00BDFCD023A57FDA00548E35 /* ios-blog-sample.app */;
			productType = "com.apple.product-type.application";
		};
		00BDFCE823A57FDE00548E35 /* ios-blog-sampleTests */ = {
			isa = PBXNativeTarget;
			buildConfigurationList = 00BDFD0023A57FDE00548E35 /* Build configuration list for PBXNativeTarget "ios-blog-sampleTests" */;
			buildPhases = (
				00BDFCE523A57FDE00548E35 /* Sources */,
				00BDFCE623A57FDE00548E35 /* Frameworks */,
				00BDFCE723A57FDE00548E35 /* Resources */,
			);
			buildRules = (
			);
			dependencies = (
				00BDFCEB23A57FDE00548E35 /* PBXTargetDependency */,
			);
			name = "ios-blog-sampleTests";
			productName = "ios-blog-sampleTests";
			productReference = 00BDFCE923A57FDE00548E35 /* ios-blog-sampleTests.xctest */;
			productType = "com.apple.product-type.bundle.unit-test";
		};
		00BDFCF323A57FDE00548E35 /* ios-blog-sampleUITests */ = {
			isa = PBXNativeTarget;
			buildConfigurationList = 00BDFD0323A57FDE00548E35 /* Build configuration list for PBXNativeTarget "ios-blog-sampleUITests" */;
			buildPhases = (
				00BDFCF023A57FDE00548E35 /* Sources */,
				00BDFCF123A57FDE00548E35 /* Frameworks */,
				00BDFCF223A57FDE00548E35 /* Resources */,
			);
			buildRules = (
			);
			dependencies = (
				00BDFCF623A57FDE00548E35 /* PBXTargetDependency */,
			);
			name = "ios-blog-sampleUITests";
			productName = "ios-blog-sampleUITests";
			productReference = 00BDFCF423A57FDE00548E35 /* ios-blog-sampleUITests.xctest */;
			productType = "com.apple.product-type.bundle.ui-testing";
		};
/* End PBXNativeTarget section */

/* Begin PBXProject section */
		00BDFCC823A57FDA00548E35 /* Project object */ = {
			isa = PBXProject;
			attributes = {
				LastSwiftUpdateCheck = 1120;
				LastUpgradeCheck = 1120;
				ORGANIZATIONNAME = "Pedro Brandão";
				TargetAttributes = {
					00BDFCCF23A57FDA00548E35 = {
						CreatedOnToolsVersion = 11.2.1;
					};
					00BDFCE823A57FDE00548E35 = {
						CreatedOnToolsVersion = 11.2.1;
						TestTargetID = 00BDFCCF23A57FDA00548E35;
					};
					00BDFCF323A57FDE00548E35 = {
						CreatedOnToolsVersion = 11.2.1;
						TestTargetID = 00BDFCCF23A57FDA00548E35;
					};
				};
			};
			buildConfigurationList = 00BDFCCB23A57FDA00548E35 /* Build configuration list for PBXProject "ios-blog-sample" */;
			compatibilityVersion = "Xcode 9.3";
			developmentRegion = en;
			hasScannedForEncodings = 0;
			knownRegions = (
				en,
				Base,
			);
			mainGroup = 00BDFCC723A57FDA00548E35;
			productRefGroup = 00BDFCD123A57FDA00548E35 /* Products */;
			projectDirPath = "";
			projectRoot = "";
			targets = (
				00BDFCCF23A57FDA00548E35 /* ios-blog-sample */,
				00BDFCE823A57FDE00548E35 /* ios-blog-sampleTests */,
				00BDFCF323A57FDE00548E35 /* ios-blog-sampleUITests */,
			);
		};
/* End PBXProject section */

/* Begin PBXResourcesBuildPhase section */
		00BDFCCE23A57FDA00548E35 /* Resources */ = {
			isa = PBXResourcesBuildPhase;
			buildActionMask = 2147483647;
			files = (
				0088B2F823A650FC00386DD5 /* Podfile in Resources */,
				00BDFCE323A57FDE00548E35 /* LaunchScreen.storyboard in Resources */,
				00BDFCE023A57FDE00548E35 /* Preview Assets.xcassets in Resources */,
				00BDFCDD23A57FDE00548E35 /* Assets.xcassets in Resources */,
				00BDFD0723A5804200548E35 /* main.storyboard in Resources */,
			);
			runOnlyForDeploymentPostprocessing = 0;
		};
		00BDFCE723A57FDE00548E35 /* Resources */ = {
			isa = PBXResourcesBuildPhase;
			buildActionMask = 2147483647;
			files = (
			);
			runOnlyForDeploymentPostprocessing = 0;
		};
		00BDFCF223A57FDE00548E35 /* Resources */ = {
			isa = PBXResourcesBuildPhase;
			buildActionMask = 2147483647;
			files = (
			);
			runOnlyForDeploymentPostprocessing = 0;
		};
/* End PBXResourcesBuildPhase section */

/* Begin PBXShellScriptBuildPhase section */
		CD889052B4ACA5B33AE458F2 /* [CP] Embed Pods Frameworks */ = {
			isa = PBXShellScriptBuildPhase;
			buildActionMask = 2147483647;
			files = (
			);
			inputFileListPaths = (
				"${PODS_ROOT}/Target Support Files/Pods-ios-blog-sample/Pods-ios-blog-sample-frameworks-${CONFIGURATION}-input-files.xcfilelist",
			);
			name = "[CP] Embed Pods Frameworks";
			outputFileListPaths = (
				"${PODS_ROOT}/Target Support Files/Pods-ios-blog-sample/Pods-ios-blog-sample-frameworks-${CONFIGURATION}-output-files.xcfilelist",
			);
			runOnlyForDeploymentPostprocessing = 0;
			shellPath = /bin/sh;
			shellScript = "\"${PODS_ROOT}/Target Support Files/Pods-ios-blog-sample/Pods-ios-blog-sample-frameworks.sh\"\n";
			showEnvVarsInLog = 0;
		};
		D235068CD4930F38B1E5967E /* [CP] Check Pods Manifest.lock */ = {
			isa = PBXShellScriptBuildPhase;
			buildActionMask = 2147483647;
			files = (
			);
			inputFileListPaths = (
			);
			inputPaths = (
				"${PODS_PODFILE_DIR_PATH}/Podfile.lock",
				"${PODS_ROOT}/Manifest.lock",
			);
			name = "[CP] Check Pods Manifest.lock";
			outputFileListPaths = (
			);
			outputPaths = (
				"$(DERIVED_FILE_DIR)/Pods-ios-blog-sample-checkManifestLockResult.txt",
			);
			runOnlyForDeploymentPostprocessing = 0;
			shellPath = /bin/sh;
			shellScript = "diff \"${PODS_PODFILE_DIR_PATH}/Podfile.lock\" \"${PODS_ROOT}/Manifest.lock\" > /dev/null\nif [ $? != 0 ] ; then\n    # print error to STDERR\n    echo \"error: The sandbox is not in sync with the Podfile.lock. Run 'pod install' or update your CocoaPods installation.\" >&2\n    exit 1\nfi\n# This output is used by Xcode 'outputs' to avoid re-running this script phase.\necho \"SUCCESS\" > \"${SCRIPT_OUTPUT_FILE_0}\"\n";
			showEnvVarsInLog = 0;
		};
/* End PBXShellScriptBuildPhase section */

/* Begin PBXSourcesBuildPhase section */
		00BDFCCC23A57FDA00548E35 /* Sources */ = {
			isa = PBXSourcesBuildPhase;
			buildActionMask = 2147483647;
			files = (
				0088B30023A68B7100386DD5 /* LocalStorage.swift in Sources */,
				00BDFCD423A57FDA00548E35 /* AppDelegate.swift in Sources */,
				00BDFD1123A58F0900548E35 /* HomeTableViewSource.swift in Sources */,
				0088B2FA23A67D3500386DD5 /* ErrorProtocol.swift in Sources */,
				0088B30223A69E5800386DD5 /* ConnectivityProtocol.swift in Sources */,
				00BDFCD923A57FDA00548E35 /* ios_blog_sample.xcdatamodeld in Sources */,
				0088B2F423A5BE2000386DD5 /* PostModel.swift in Sources */,
				00A75F2F23A5A53A000A3173 /* HomeViewModel.swift in Sources */,
				0088B2F623A5C34400386DD5 /* APIService.swift in Sources */,
				00BDFD0B23A58B6400548E35 /* HomeViewController.swift in Sources */,
			);
			runOnlyForDeploymentPostprocessing = 0;
		};
		00BDFCE523A57FDE00548E35 /* Sources */ = {
			isa = PBXSourcesBuildPhase;
			buildActionMask = 2147483647;
			files = (
				00BDFCEE23A57FDE00548E35 /* ios_blog_sampleTests.swift in Sources */,
			);
			runOnlyForDeploymentPostprocessing = 0;
		};
		00BDFCF023A57FDE00548E35 /* Sources */ = {
			isa = PBXSourcesBuildPhase;
			buildActionMask = 2147483647;
			files = (
				00BDFCF923A57FDE00548E35 /* ios_blog_sampleUITests.swift in Sources */,
			);
			runOnlyForDeploymentPostprocessing = 0;
		};
/* End PBXSourcesBuildPhase section */

/* Begin PBXTargetDependency section */
		00BDFCEB23A57FDE00548E35 /* PBXTargetDependency */ = {
			isa = PBXTargetDependency;
			target = 00BDFCCF23A57FDA00548E35 /* ios-blog-sample */;
			targetProxy = 00BDFCEA23A57FDE00548E35 /* PBXContainerItemProxy */;
		};
		00BDFCF623A57FDE00548E35 /* PBXTargetDependency */ = {
			isa = PBXTargetDependency;
			target = 00BDFCCF23A57FDA00548E35 /* ios-blog-sample */;
			targetProxy = 00BDFCF523A57FDE00548E35 /* PBXContainerItemProxy */;
		};
/* End PBXTargetDependency section */

/* Begin PBXVariantGroup section */
		00BDFCE123A57FDE00548E35 /* LaunchScreen.storyboard */ = {
			isa = PBXVariantGroup;
			children = (
				00BDFCE223A57FDE00548E35 /* Base */,
			);
			name = LaunchScreen.storyboard;
			sourceTree = "<group>";
		};
/* End PBXVariantGroup section */

/* Begin XCBuildConfiguration section */
		00BDFCFB23A57FDE00548E35 /* Debug */ = {
			isa = XCBuildConfiguration;
			buildSettings = {
				ALWAYS_SEARCH_USER_PATHS = NO;
				CLANG_ANALYZER_NONNULL = YES;
				CLANG_ANALYZER_NUMBER_OBJECT_CONVERSION = YES_AGGRESSIVE;
				CLANG_CXX_LANGUAGE_STANDARD = "gnu++14";
				CLANG_CXX_LIBRARY = "libc++";
				CLANG_ENABLE_MODULES = YES;
				CLANG_ENABLE_OBJC_ARC = YES;
				CLANG_ENABLE_OBJC_WEAK = YES;
				CLANG_WARN_BLOCK_CAPTURE_AUTORELEASING = YES;
				CLANG_WARN_BOOL_CONVERSION = YES;
				CLANG_WARN_COMMA = YES;
				CLANG_WARN_CONSTANT_CONVERSION = YES;
				CLANG_WARN_DEPRECATED_OBJC_IMPLEMENTATIONS = YES;
				CLANG_WARN_DIRECT_OBJC_ISA_USAGE = YES_ERROR;
				CLANG_WARN_DOCUMENTATION_COMMENTS = YES;
				CLANG_WARN_EMPTY_BODY = YES;
				CLANG_WARN_ENUM_CONVERSION = YES;
				CLANG_WARN_INFINITE_RECURSION = YES;
				CLANG_WARN_INT_CONVERSION = YES;
				CLANG_WARN_NON_LITERAL_NULL_CONVERSION = YES;
				CLANG_WARN_OBJC_IMPLICIT_RETAIN_SELF = YES;
				CLANG_WARN_OBJC_LITERAL_CONVERSION = YES;
				CLANG_WARN_OBJC_ROOT_CLASS = YES_ERROR;
				CLANG_WARN_RANGE_LOOP_ANALYSIS = YES;
				CLANG_WARN_STRICT_PROTOTYPES = YES;
				CLANG_WARN_SUSPICIOUS_MOVE = YES;
				CLANG_WARN_UNGUARDED_AVAILABILITY = YES_AGGRESSIVE;
				CLANG_WARN_UNREACHABLE_CODE = YES;
				CLANG_WARN__DUPLICATE_METHOD_MATCH = YES;
				COPY_PHASE_STRIP = NO;
				DEBUG_INFORMATION_FORMAT = dwarf;
				ENABLE_STRICT_OBJC_MSGSEND = YES;
				ENABLE_TESTABILITY = YES;
				GCC_C_LANGUAGE_STANDARD = gnu11;
				GCC_DYNAMIC_NO_PIC = NO;
				GCC_NO_COMMON_BLOCKS = YES;
				GCC_OPTIMIZATION_LEVEL = 0;
				GCC_PREPROCESSOR_DEFINITIONS = (
					"DEBUG=1",
					"$(inherited)",
				);
				GCC_WARN_64_TO_32_BIT_CONVERSION = YES;
				GCC_WARN_ABOUT_RETURN_TYPE = YES_ERROR;
				GCC_WARN_UNDECLARED_SELECTOR = YES;
				GCC_WARN_UNINITIALIZED_AUTOS = YES_AGGRESSIVE;
				GCC_WARN_UNUSED_FUNCTION = YES;
				GCC_WARN_UNUSED_VARIABLE = YES;
				IPHONEOS_DEPLOYMENT_TARGET = 13.2;
				MTL_ENABLE_DEBUG_INFO = INCLUDE_SOURCE;
				MTL_FAST_MATH = YES;
				ONLY_ACTIVE_ARCH = YES;
				SDKROOT = iphoneos;
				SWIFT_ACTIVE_COMPILATION_CONDITIONS = DEBUG;
				SWIFT_OPTIMIZATION_LEVEL = "-Onone";
			};
			name = Debug;
		};
		00BDFCFC23A57FDE00548E35 /* Release */ = {
			isa = XCBuildConfiguration;
			buildSettings = {
				ALWAYS_SEARCH_USER_PATHS = NO;
				CLANG_ANALYZER_NONNULL = YES;
				CLANG_ANALYZER_NUMBER_OBJECT_CONVERSION = YES_AGGRESSIVE;
				CLANG_CXX_LANGUAGE_STANDARD = "gnu++14";
				CLANG_CXX_LIBRARY = "libc++";
				CLANG_ENABLE_MODULES = YES;
				CLANG_ENABLE_OBJC_ARC = YES;
				CLANG_ENABLE_OBJC_WEAK = YES;
				CLANG_WARN_BLOCK_CAPTURE_AUTORELEASING = YES;
				CLANG_WARN_BOOL_CONVERSION = YES;
				CLANG_WARN_COMMA = YES;
				CLANG_WARN_CONSTANT_CONVERSION = YES;
				CLANG_WARN_DEPRECATED_OBJC_IMPLEMENTATIONS = YES;
				CLANG_WARN_DIRECT_OBJC_ISA_USAGE = YES_ERROR;
				CLANG_WARN_DOCUMENTATION_COMMENTS = YES;
				CLANG_WARN_EMPTY_BODY = YES;
				CLANG_WARN_ENUM_CONVERSION = YES;
				CLANG_WARN_INFINITE_RECURSION = YES;
				CLANG_WARN_INT_CONVERSION = YES;
				CLANG_WARN_NON_LITERAL_NULL_CONVERSION = YES;
				CLANG_WARN_OBJC_IMPLICIT_RETAIN_SELF = YES;
				CLANG_WARN_OBJC_LITERAL_CONVERSION = YES;
				CLANG_WARN_OBJC_ROOT_CLASS = YES_ERROR;
				CLANG_WARN_RANGE_LOOP_ANALYSIS = YES;
				CLANG_WARN_STRICT_PROTOTYPES = YES;
				CLANG_WARN_SUSPICIOUS_MOVE = YES;
				CLANG_WARN_UNGUARDED_AVAILABILITY = YES_AGGRESSIVE;
				CLANG_WARN_UNREACHABLE_CODE = YES;
				CLANG_WARN__DUPLICATE_METHOD_MATCH = YES;
				COPY_PHASE_STRIP = NO;
				DEBUG_INFORMATION_FORMAT = "dwarf-with-dsym";
				ENABLE_NS_ASSERTIONS = NO;
				ENABLE_STRICT_OBJC_MSGSEND = YES;
				GCC_C_LANGUAGE_STANDARD = gnu11;
				GCC_NO_COMMON_BLOCKS = YES;
				GCC_WARN_64_TO_32_BIT_CONVERSION = YES;
				GCC_WARN_ABOUT_RETURN_TYPE = YES_ERROR;
				GCC_WARN_UNDECLARED_SELECTOR = YES;
				GCC_WARN_UNINITIALIZED_AUTOS = YES_AGGRESSIVE;
				GCC_WARN_UNUSED_FUNCTION = YES;
				GCC_WARN_UNUSED_VARIABLE = YES;
				IPHONEOS_DEPLOYMENT_TARGET = 13.2;
				MTL_ENABLE_DEBUG_INFO = NO;
				MTL_FAST_MATH = YES;
				SDKROOT = iphoneos;
				SWIFT_COMPILATION_MODE = wholemodule;
				SWIFT_OPTIMIZATION_LEVEL = "-O";
				VALIDATE_PRODUCT = YES;
			};
			name = Release;
		};
		00BDFCFE23A57FDE00548E35 /* Debug */ = {
			isa = XCBuildConfiguration;
			baseConfigurationReference = 57AE58A5752F8F7BB610151D /* Pods-ios-blog-sample.debug.xcconfig */;
			buildSettings = {
				ASSETCATALOG_COMPILER_APPICON_NAME = AppIcon;
				CODE_SIGN_STYLE = Automatic;
				DEVELOPMENT_ASSET_PATHS = "\"ios-blog-sample/Preview Content\"";
				DEVELOPMENT_TEAM = U3A2WCJ8XS;
				ENABLE_PREVIEWS = YES;
				INFOPLIST_FILE = "ios-blog-sample/Info.plist";
				LD_RUNPATH_SEARCH_PATHS = (
					"$(inherited)",
					"@executable_path/Frameworks",
				);
				PRODUCT_BUNDLE_IDENTIFIER = "com.github.pcrbrandao.ios-blog-sample";
				PRODUCT_NAME = "$(TARGET_NAME)";
				SWIFT_VERSION = 5.0;
				TARGETED_DEVICE_FAMILY = "1,2";
			};
			name = Debug;
		};
		00BDFCFF23A57FDE00548E35 /* Release */ = {
			isa = XCBuildConfiguration;
			baseConfigurationReference = 22C5E281F3D0B7B7EA160A28 /* Pods-ios-blog-sample.release.xcconfig */;
			buildSettings = {
				ASSETCATALOG_COMPILER_APPICON_NAME = AppIcon;
				CODE_SIGN_STYLE = Automatic;
				DEVELOPMENT_ASSET_PATHS = "\"ios-blog-sample/Preview Content\"";
				DEVELOPMENT_TEAM = U3A2WCJ8XS;
				ENABLE_PREVIEWS = YES;
				INFOPLIST_FILE = "ios-blog-sample/Info.plist";
				LD_RUNPATH_SEARCH_PATHS = (
					"$(inherited)",
					"@executable_path/Frameworks",
				);
				PRODUCT_BUNDLE_IDENTIFIER = "com.github.pcrbrandao.ios-blog-sample";
				PRODUCT_NAME = "$(TARGET_NAME)";
				SWIFT_VERSION = 5.0;
				TARGETED_DEVICE_FAMILY = "1,2";
			};
			name = Release;
		};
		00BDFD0123A57FDE00548E35 /* Debug */ = {
			isa = XCBuildConfiguration;
			buildSettings = {
				ALWAYS_EMBED_SWIFT_STANDARD_LIBRARIES = YES;
				BUNDLE_LOADER = "$(TEST_HOST)";
				CODE_SIGN_STYLE = Automatic;
				DEVELOPMENT_TEAM = U3A2WCJ8XS;
				INFOPLIST_FILE = "ios-blog-sampleTests/Info.plist";
				IPHONEOS_DEPLOYMENT_TARGET = 13.2;
				LD_RUNPATH_SEARCH_PATHS = (
					"$(inherited)",
					"@executable_path/Frameworks",
					"@loader_path/Frameworks",
				);
				PRODUCT_BUNDLE_IDENTIFIER = "com.github.pcrbrandao.ios-blog-sampleTests";
				PRODUCT_NAME = "$(TARGET_NAME)";
				SWIFT_VERSION = 5.0;
				TARGETED_DEVICE_FAMILY = "1,2";
				TEST_HOST = "$(BUILT_PRODUCTS_DIR)/ios-blog-sample.app/ios-blog-sample";
			};
			name = Debug;
		};
		00BDFD0223A57FDE00548E35 /* Release */ = {
			isa = XCBuildConfiguration;
			buildSettings = {
				ALWAYS_EMBED_SWIFT_STANDARD_LIBRARIES = YES;
				BUNDLE_LOADER = "$(TEST_HOST)";
				CODE_SIGN_STYLE = Automatic;
				DEVELOPMENT_TEAM = U3A2WCJ8XS;
				INFOPLIST_FILE = "ios-blog-sampleTests/Info.plist";
				IPHONEOS_DEPLOYMENT_TARGET = 13.2;
				LD_RUNPATH_SEARCH_PATHS = (
					"$(inherited)",
					"@executable_path/Frameworks",
					"@loader_path/Frameworks",
				);
				PRODUCT_BUNDLE_IDENTIFIER = "com.github.pcrbrandao.ios-blog-sampleTests";
				PRODUCT_NAME = "$(TARGET_NAME)";
				SWIFT_VERSION = 5.0;
				TARGETED_DEVICE_FAMILY = "1,2";
				TEST_HOST = "$(BUILT_PRODUCTS_DIR)/ios-blog-sample.app/ios-blog-sample";
			};
			name = Release;
		};
		00BDFD0423A57FDE00548E35 /* Debug */ = {
			isa = XCBuildConfiguration;
			buildSettings = {
				ALWAYS_EMBED_SWIFT_STANDARD_LIBRARIES = YES;
				CODE_SIGN_STYLE = Automatic;
				DEVELOPMENT_TEAM = U3A2WCJ8XS;
				INFOPLIST_FILE = "ios-blog-sampleUITests/Info.plist";
				LD_RUNPATH_SEARCH_PATHS = (
					"$(inherited)",
					"@executable_path/Frameworks",
					"@loader_path/Frameworks",
				);
				PRODUCT_BUNDLE_IDENTIFIER = "com.github.pcrbrandao.ios-blog-sampleUITests";
				PRODUCT_NAME = "$(TARGET_NAME)";
				SWIFT_VERSION = 5.0;
				TARGETED_DEVICE_FAMILY = "1,2";
				TEST_TARGET_NAME = "ios-blog-sample";
			};
			name = Debug;
		};
		00BDFD0523A57FDE00548E35 /* Release */ = {
			isa = XCBuildConfiguration;
			buildSettings = {
				ALWAYS_EMBED_SWIFT_STANDARD_LIBRARIES = YES;
				CODE_SIGN_STYLE = Automatic;
				DEVELOPMENT_TEAM = U3A2WCJ8XS;
				INFOPLIST_FILE = "ios-blog-sampleUITests/Info.plist";
				LD_RUNPATH_SEARCH_PATHS = (
					"$(inherited)",
					"@executable_path/Frameworks",
					"@loader_path/Frameworks",
				);
				PRODUCT_BUNDLE_IDENTIFIER = "com.github.pcrbrandao.ios-blog-sampleUITests";
				PRODUCT_NAME = "$(TARGET_NAME)";
				SWIFT_VERSION = 5.0;
				TARGETED_DEVICE_FAMILY = "1,2";
				TEST_TARGET_NAME = "ios-blog-sample";
			};
			name = Release;
		};
/* End XCBuildConfiguration section */

/* Begin XCConfigurationList section */
		00BDFCCB23A57FDA00548E35 /* Build configuration list for PBXProject "ios-blog-sample" */ = {
			isa = XCConfigurationList;
			buildConfigurations = (
				00BDFCFB23A57FDE00548E35 /* Debug */,
				00BDFCFC23A57FDE00548E35 /* Release */,
			);
			defaultConfigurationIsVisible = 0;
			defaultConfigurationName = Release;
		};
		00BDFCFD23A57FDE00548E35 /* Build configuration list for PBXNativeTarget "ios-blog-sample" */ = {
			isa = XCConfigurationList;
			buildConfigurations = (
				00BDFCFE23A57FDE00548E35 /* Debug */,
				00BDFCFF23A57FDE00548E35 /* Release */,
			);
			defaultConfigurationIsVisible = 0;
			defaultConfigurationName = Release;
		};
		00BDFD0023A57FDE00548E35 /* Build configuration list for PBXNativeTarget "ios-blog-sampleTests" */ = {
			isa = XCConfigurationList;
			buildConfigurations = (
				00BDFD0123A57FDE00548E35 /* Debug */,
				00BDFD0223A57FDE00548E35 /* Release */,
			);
			defaultConfigurationIsVisible = 0;
			defaultConfigurationName = Release;
		};
		00BDFD0323A57FDE00548E35 /* Build configuration list for PBXNativeTarget "ios-blog-sampleUITests" */ = {
			isa = XCConfigurationList;
			buildConfigurations = (
				00BDFD0423A57FDE00548E35 /* Debug */,
				00BDFD0523A57FDE00548E35 /* Release */,
			);
			defaultConfigurationIsVisible = 0;
			defaultConfigurationName = Release;
		};
/* End XCConfigurationList section */

/* Begin XCVersionGroup section */
		00BDFCD723A57FDA00548E35 /* ios_blog_sample.xcdatamodeld */ = {
			isa = XCVersionGroup;
			children = (
				00BDFCD823A57FDA00548E35 /* ios_blog_sample.xcdatamodel */,
			);
			currentVersion = 00BDFCD823A57FDA00548E35 /* ios_blog_sample.xcdatamodel */;
			path = ios_blog_sample.xcdatamodeld;
			sourceTree = "<group>";
			versionGroupType = wrapper.xcdatamodel;
		};
/* End XCVersionGroup section */
	};
	rootObject = 00BDFCC823A57FDA00548E35 /* Project object */;
}
